
Microsoft Visual Studio Solution File, Format Version 12.00
# Visual Studio Version 17
VisualStudioVersion = 17.12.35527.113 d17.12
MinimumVisualStudioVersion = 10.0.40219.1
Project("{FAE04EC0-301F-11D3-BF4B-00C04F79EFBC}") = "lab11_trial", "lab11_trial\lab11_trial.csproj", "{EC2A5025-FC48-4243-BE77-34232120E18E}"
EndProject
Global
	GlobalSection(SolutionConfigurationPlatforms) = preSolution
		Debug|Any CPU = Debug|Any CPU
		Release|Any CPU = Release|Any CPU
	EndGlobalSection
	GlobalSection(ProjectConfigurationPlatforms) = postSolution
		{EC2A5025-FC48-4243-BE77-34232120E18E}.Debug|Any CPU.ActiveCfg = Debug|Any CPU
		{EC2A5025-FC48-4243-BE77-34232120E18E}.Debug|Any CPU.Build.0 = Debug|Any CPU
		{EC2A5025-FC48-4243-BE77-34232120E18E}.Release|Any CPU.ActiveCfg = Release|Any CPU
		{EC2A5025-FC48-4243-BE77-34232120E18E}.Release|Any CPU.Build.0 = Release|Any CPU
	EndGlobalSection
	GlobalSection(SolutionProperties) = preSolution
		HideSolutionNode = FALSE
	EndGlobalSection
EndGlobal
